// !$*UTF8*$!
{
	archiveVersion = 1;
	classes = {
	};
	objectVersion = 56;
	objects = {

/* Begin PBXBuildFile section */
		16589CC02A3D2E2600F2B660 /* AppDelegate.swift in Sources */ = {isa = PBXBuildFile; fileRef = 16589CBF2A3D2E2600F2B660 /* AppDelegate.swift */; };
		16589CC22A3D2E2600F2B660 /* SceneDelegate.swift in Sources */ = {isa = PBXBuildFile; fileRef = 16589CC12A3D2E2600F2B660 /* SceneDelegate.swift */; };
		16589CC42A3D2E2600F2B660 /* ViewController.swift in Sources */ = {isa = PBXBuildFile; fileRef = 16589CC32A3D2E2600F2B660 /* ViewController.swift */; };
		16589CC72A3D2E2600F2B660 /* Main.storyboard in Resources */ = {isa = PBXBuildFile; fileRef = 16589CC52A3D2E2600F2B660 /* Main.storyboard */; };
		16589CC92A3D2E2700F2B660 /* Assets.xcassets in Resources */ = {isa = PBXBuildFile; fileRef = 16589CC82A3D2E2700F2B660 /* Assets.xcassets */; };
		16589CCC2A3D2E2700F2B660 /* LaunchScreen.storyboard in Resources */ = {isa = PBXBuildFile; fileRef = 16589CCA2A3D2E2700F2B660 /* LaunchScreen.storyboard */; };
		16589CD72A3D2E2700F2B660 /* CodePath_Pre_WorkTests.swift in Sources */ = {isa = PBXBuildFile; fileRef = 16589CD62A3D2E2700F2B660 /* CodePath_Pre_WorkTests.swift */; };
		16589CE12A3D2E2700F2B660 /* CodePath_Pre_WorkUITests.swift in Sources */ = {isa = PBXBuildFile; fileRef = 16589CE02A3D2E2700F2B660 /* CodePath_Pre_WorkUITests.swift */; };
		16589CE32A3D2E2700F2B660 /* CodePath_Pre_WorkUITestsLaunchTests.swift in Sources */ = {isa = PBXBuildFile; fileRef = 16589CE22A3D2E2700F2B660 /* CodePath_Pre_WorkUITestsLaunchTests.swift */; };
/* End PBXBuildFile section */

/* Begin PBXContainerItemProxy section */
		16589CD32A3D2E2700F2B660 /* PBXContainerItemProxy */ = {
			isa = PBXContainerItemProxy;
			containerPortal = 16589CB42A3D2E2600F2B660 /* Project object */;
			proxyType = 1;
			remoteGlobalIDString = 16589CBB2A3D2E2600F2B660;
			remoteInfo = "CodePath Pre Work";
		};
		16589CDD2A3D2E2700F2B660 /* PBXContainerItemProxy */ = {
			isa = PBXContainerItemProxy;
			containerPortal = 16589CB42A3D2E2600F2B660 /* Project object */;
			proxyType = 1;
			remoteGlobalIDString = 16589CBB2A3D2E2600F2B660;
			remoteInfo = "CodePath Pre Work";
		};
/* End PBXContainerItemProxy section */

/* Begin PBXFileReference section */
		16589CBC2A3D2E2600F2B660 /* CodePath Pre Work.app */ = {isa = PBXFileReference; explicitFileType = wrapper.application; includeInIndex = 0; path = "CodePath Pre Work.app"; sourceTree = BUILT_PRODUCTS_DIR; };
		16589CBF2A3D2E2600F2B660 /* AppDelegate.swift */ = {isa = PBXFileReference; lastKnownFileType = sourcecode.swift; path = AppDelegate.swift; sourceTree = "<group>"; };
		16589CC12A3D2E2600F2B660 /* SceneDelegate.swift */ = {isa = PBXFileReference; lastKnownFileType = sourcecode.swift; path = SceneDelegate.swift; sourceTree = "<group>"; };
		16589CC32A3D2E2600F2B660 /* ViewController.swift */ = {isa = PBXFileReference; lastKnownFileType = sourcecode.swift; path = ViewController.swift; sourceTree = "<group>"; };
		16589CC62A3D2E2600F2B660 /* Base */ = {isa = PBXFileReference; lastKnownFileType = file.storyboard; name = Base; path = Base.lproj/Main.storyboard; sourceTree = "<group>"; };
		16589CC82A3D2E2700F2B660 /* Assets.xcassets */ = {isa = PBXFileReference; lastKnownFileType = folder.assetcatalog; path = Assets.xcassets; sourceTree = "<group>"; };
		16589CCB2A3D2E2700F2B660 /* Base */ = {isa = PBXFileReference; lastKnownFileType = file.storyboard; name = Base; path = Base.lproj/LaunchScreen.storyboard; sourceTree = "<group>"; };
		16589CCD2A3D2E2700F2B660 /* Info.plist */ = {isa = PBXFileReference; lastKnownFileType = text.plist.xml; path = Info.plist; sourceTree = "<group>"; };
		16589CD22A3D2E2700F2B660 /* CodePath Pre WorkTests.xctest */ = {isa = PBXFileReference; explicitFileType = wrapper.cfbundle; includeInIndex = 0; path = "CodePath Pre WorkTests.xctest"; sourceTree = BUILT_PRODUCTS_DIR; };
		16589CD62A3D2E2700F2B660 /* CodePath_Pre_WorkTests.swift */ = {isa = PBXFileReference; lastKnownFileType = sourcecode.swift; path = CodePath_Pre_WorkTests.swift; sourceTree = "<group>"; };
		16589CDC2A3D2E2700F2B660 /* CodePath Pre WorkUITests.xctest */ = {isa = PBXFileReference; explicitFileType = wrapper.cfbundle; includeInIndex = 0; path = "CodePath Pre WorkUITests.xctest"; sourceTree = BUILT_PRODUCTS_DIR; };
		16589CE02A3D2E2700F2B660 /* CodePath_Pre_WorkUITests.swift */ = {isa = PBXFileReference; lastKnownFileType = sourcecode.swift; path = CodePath_Pre_WorkUITests.swift; sourceTree = "<group>"; };
		16589CE22A3D2E2700F2B660 /* CodePath_Pre_WorkUITestsLaunchTests.swift */ = {isa = PBXFileReference; lastKnownFileType = sourcecode.swift; path = CodePath_Pre_WorkUITestsLaunchTests.swift; sourceTree = "<group>"; };
/* End PBXFileReference section */

/* Begin PBXFrameworksBuildPhase section */
		16589CB92A3D2E2600F2B660 /* Frameworks */ = {
			isa = PBXFrameworksBuildPhase;
			buildActionMask = 2147483647;
			files = (
			);
			runOnlyForDeploymentPostprocessing = 0;
		};
		16589CCF2A3D2E2700F2B660 /* Frameworks */ = {
			isa = PBXFrameworksBuildPhase;
			buildActionMask = 2147483647;
			files = (
			);
			runOnlyForDeploymentPostprocessing = 0;
		};
		16589CD92A3D2E2700F2B660 /* Frameworks */ = {
			isa = PBXFrameworksBuildPhase;
			buildActionMask = 2147483647;
			files = (
			);
			runOnlyForDeploymentPostprocessing = 0;
		};
/* End PBXFrameworksBuildPhase section */

/* Begin PBXGroup section */
		16589CB32A3D2E2600F2B660 = {
			isa = PBXGroup;
			children = (
				16589CBE2A3D2E2600F2B660 /* CodePath Pre Work */,
				16589CD52A3D2E2700F2B660 /* CodePath Pre WorkTests */,
				16589CDF2A3D2E2700F2B660 /* CodePath Pre WorkUITests */,
				16589CBD2A3D2E2600F2B660 /* Products */,
			);
			sourceTree = "<group>";
		};
		16589CBD2A3D2E2600F2B660 /* Products */ = {
			isa = PBXGroup;
			children = (
				16589CBC2A3D2E2600F2B660 /* CodePath Pre Work.app */,
				16589CD22A3D2E2700F2B660 /* CodePath Pre WorkTests.xctest */,
				16589CDC2A3D2E2700F2B660 /* CodePath Pre WorkUITests.xctest */,
			);
			name = Products;
			sourceTree = "<group>";
		};
		16589CBE2A3D2E2600F2B660 /* CodePath Pre Work */ = {
			isa = PBXGroup;
			children = (
				16589CBF2A3D2E2600F2B660 /* AppDelegate.swift */,
				16589CC12A3D2E2600F2B660 /* SceneDelegate.swift */,
				16589CC32A3D2E2600F2B660 /* ViewController.swift */,
				16589CC52A3D2E2600F2B660 /* Main.storyboard */,
				16589CC82A3D2E2700F2B660 /* Assets.xcassets */,
				16589CCA2A3D2E2700F2B660 /* LaunchScreen.storyboard */,
				16589CCD2A3D2E2700F2B660 /* Info.plist */,
			);
			path = "CodePath Pre Work";
			sourceTree = "<group>";
		};
		16589CD52A3D2E2700F2B660 /* CodePath Pre WorkTests */ = {
			isa = PBXGroup;
			children = (
				16589CD62A3D2E2700F2B660 /* CodePath_Pre_WorkTests.swift */,
			);
			path = "CodePath Pre WorkTests";
			sourceTree = "<group>";
		};
		16589CDF2A3D2E2700F2B660 /* CodePath Pre WorkUITests */ = {
			isa = PBXGroup;
			children = (
				16589CE02A3D2E2700F2B660 /* CodePath_Pre_WorkUITests.swift */,
				16589CE22A3D2E2700F2B660 /* CodePath_Pre_WorkUITestsLaunchTests.swift */,
			);
			path = "CodePath Pre WorkUITests";
			sourceTree = "<group>";
		};
/* End PBXGroup section */

/* Begin PBXNativeTarget section */
		16589CBB2A3D2E2600F2B660 /* CodePath Pre Work */ = {
			isa = PBXNativeTarget;
			buildConfigurationList = 16589CE62A3D2E2700F2B660 /* Build configuration list for PBXNativeTarget "CodePath Pre Work" */;
			buildPhases = (
				16589CB82A3D2E2600F2B660 /* Sources */,
				16589CB92A3D2E2600F2B660 /* Frameworks */,
				16589CBA2A3D2E2600F2B660 /* Resources */,
			);
			buildRules = (
			);
			dependencies = (
			);
			name = "CodePath Pre Work";
			productName = "CodePath Pre Work";
			productReference = 16589CBC2A3D2E2600F2B660 /* CodePath Pre Work.app */;
			productType = "com.apple.product-type.application";
		};
		16589CD12A3D2E2700F2B660 /* CodePath Pre WorkTests */ = {
			isa = PBXNativeTarget;
			buildConfigurationList = 16589CE92A3D2E2700F2B660 /* Build configuration list for PBXNativeTarget "CodePath Pre WorkTests" */;
			buildPhases = (
				16589CCE2A3D2E2700F2B660 /* Sources */,
				16589CCF2A3D2E2700F2B660 /* Frameworks */,
				16589CD02A3D2E2700F2B660 /* Resources */,
			);
			buildRules = (
			);
			dependencies = (
				16589CD42A3D2E2700F2B660 /* PBXTargetDependency */,
			);
			name = "CodePath Pre WorkTests";
			productName = "CodePath Pre WorkTests";
			productReference = 16589CD22A3D2E2700F2B660 /* CodePath Pre WorkTests.xctest */;
			productType = "com.apple.product-type.bundle.unit-test";
		};
		16589CDB2A3D2E2700F2B660 /* CodePath Pre WorkUITests */ = {
			isa = PBXNativeTarget;
			buildConfigurationList = 16589CEC2A3D2E2700F2B660 /* Build configuration list for PBXNativeTarget "CodePath Pre WorkUITests" */;
			buildPhases = (
				16589CD82A3D2E2700F2B660 /* Sources */,
				16589CD92A3D2E2700F2B660 /* Frameworks */,
				16589CDA2A3D2E2700F2B660 /* Resources */,
			);
			buildRules = (
			);
			dependencies = (
				16589CDE2A3D2E2700F2B660 /* PBXTargetDependency */,
			);
			name = "CodePath Pre WorkUITests";
			productName = "CodePath Pre WorkUITests";
			productReference = 16589CDC2A3D2E2700F2B660 /* CodePath Pre WorkUITests.xctest */;
			productType = "com.apple.product-type.bundle.ui-testing";
		};
/* End PBXNativeTarget section */

/* Begin PBXProject section */
		16589CB42A3D2E2600F2B660 /* Project object */ = {
			isa = PBXProject;
			attributes = {
				BuildIndependentTargetsInParallel = 1;
				LastSwiftUpdateCheck = 1430;
				LastUpgradeCheck = 1430;
				TargetAttributes = {
					16589CBB2A3D2E2600F2B660 = {
						CreatedOnToolsVersion = 14.3.1;
					};
					16589CD12A3D2E2700F2B660 = {
						CreatedOnToolsVersion = 14.3.1;
						TestTargetID = 16589CBB2A3D2E2600F2B660;
					};
					16589CDB2A3D2E2700F2B660 = {
						CreatedOnToolsVersion = 14.3.1;
						TestTargetID = 16589CBB2A3D2E2600F2B660;
					};
				};
			};
			buildConfigurationList = 16589CB72A3D2E2600F2B660 /* Build configuration list for PBXProject "CodePath Pre Work" */;
			compatibilityVersion = "Xcode 14.0";
			developmentRegion = en;
			hasScannedForEncodings = 0;
			knownRegions = (
				en,
				Base,
			);
			mainGroup = 16589CB32A3D2E2600F2B660;
			productRefGroup = 16589CBD2A3D2E2600F2B660 /* Products */;
			projectDirPath = "";
			projectRoot = "";
			targets = (
				16589CBB2A3D2E2600F2B660 /* CodePath Pre Work */,
				16589CD12A3D2E2700F2B660 /* CodePath Pre WorkTests */,
				16589CDB2A3D2E2700F2B660 /* CodePath Pre WorkUITests */,
			);
		};
/* End PBXProject section */

/* Begin PBXResourcesBuildPhase section */
		16589CBA2A3D2E2600F2B660 /* Resources */ = {
			isa = PBXResourcesBuildPhase;
			buildActionMask = 2147483647;
			files = (
				16589CCC2A3D2E2700F2B660 /* LaunchScreen.storyboard in Resources */,
				16589CC92A3D2E2700F2B660 /* Assets.xcassets in Resources */,
				16589CC72A3D2E2600F2B660 /* Main.storyboard in Resources */,
			);
			runOnlyForDeploymentPostprocessing = 0;
		};
		16589CD02A3D2E2700F2B660 /* Resources */ = {
			isa = PBXResourcesBuildPhase;
			buildActionMask = 2147483647;
			files = (
			);
			runOnlyForDeploymentPostprocessing = 0;
		};
		16589CDA2A3D2E2700F2B660 /* Resources */ = {
			isa = PBXResourcesBuildPhase;
			buildActionMask = 2147483647;
			files = (
			);
			runOnlyForDeploymentPostprocessing = 0;
		};
/* End PBXResourcesBuildPhase section */

/* Begin PBXSourcesBuildPhase section */
		16589CB82A3D2E2600F2B660 /* Sources */ = {
			isa = PBXSourcesBuildPhase;
			buildActionMask = 2147483647;
			files = (
				16589CC42A3D2E2600F2B660 /* ViewController.swift in Sources */,
				16589CC02A3D2E2600F2B660 /* AppDelegate.swift in Sources */,
				16589CC22A3D2E2600F2B660 /* SceneDelegate.swift in Sources */,
			);
			runOnlyForDeploymentPostprocessing = 0;
		};
		16589CCE2A3D2E2700F2B660 /* Sources */ = {
			isa = PBXSourcesBuildPhase;
			buildActionMask = 2147483647;
			files = (
				16589CD72A3D2E2700F2B660 /* CodePath_Pre_WorkTests.swift in Sources */,
			);
			runOnlyForDeploymentPostprocessing = 0;
		};
		16589CD82A3D2E2700F2B660 /* Sources */ = {
			isa = PBXSourcesBuildPhase;
			buildActionMask = 2147483647;
			files = (
				16589CE12A3D2E2700F2B660 /* CodePath_Pre_WorkUITests.swift in Sources */,
				16589CE32A3D2E2700F2B660 /* CodePath_Pre_WorkUITestsLaunchTests.swift in Sources */,
			);
			runOnlyForDeploymentPostprocessing = 0;
		};
/* End PBXSourcesBuildPhase section */

/* Begin PBXTargetDependency section */
		16589CD42A3D2E2700F2B660 /* PBXTargetDependency */ = {
			isa = PBXTargetDependency;
			target = 16589CBB2A3D2E2600F2B660 /* CodePath Pre Work */;
			targetProxy = 16589CD32A3D2E2700F2B660 /* PBXContainerItemProxy */;
		};
		16589CDE2A3D2E2700F2B660 /* PBXTargetDependency */ = {
			isa = PBXTargetDependency;
			target = 16589CBB2A3D2E2600F2B660 /* CodePath Pre Work */;
			targetProxy = 16589CDD2A3D2E2700F2B660 /* PBXContainerItemProxy */;
		};
/* End PBXTargetDependency section */

/* Begin PBXVariantGroup section */
		16589CC52A3D2E2600F2B660 /* Main.storyboard */ = {
			isa = PBXVariantGroup;
			children = (
				16589CC62A3D2E2600F2B660 /* Base */,
			);
			name = Main.storyboard;
			sourceTree = "<group>";
		};
		16589CCA2A3D2E2700F2B660 /* LaunchScreen.storyboard */ = {
			isa = PBXVariantGroup;
			children = (
				16589CCB2A3D2E2700F2B660 /* Base */,
			);
			name = LaunchScreen.storyboard;
			sourceTree = "<group>";
		};
/* End PBXVariantGroup section */

/* Begin XCBuildConfiguration section */
		16589CE42A3D2E2700F2B660 /* Debug */ = {
			isa = XCBuildConfiguration;
			buildSettings = {
				ALWAYS_SEARCH_USER_PATHS = NO;
				CLANG_ANALYZER_NONNULL = YES;
				CLANG_ANALYZER_NUMBER_OBJECT_CONVERSION = YES_AGGRESSIVE;
				CLANG_CXX_LANGUAGE_STANDARD = "gnu++20";
				CLANG_ENABLE_MODULES = YES;
				CLANG_ENABLE_OBJC_ARC = YES;
				CLANG_ENABLE_OBJC_WEAK = YES;
				CLANG_WARN_BLOCK_CAPTURE_AUTORELEASING = YES;
				CLANG_WARN_BOOL_CONVERSION = YES;
				CLANG_WARN_COMMA = YES;
				CLANG_WARN_CONSTANT_CONVERSION = YES;
				CLANG_WARN_DEPRECATED_OBJC_IMPLEMENTATIONS = YES;
				CLANG_WARN_DIRECT_OBJC_ISA_USAGE = YES_ERROR;
				CLANG_WARN_DOCUMENTATION_COMMENTS = YES;
				CLANG_WARN_EMPTY_BODY = YES;
				CLANG_WARN_ENUM_CONVERSION = YES;
				CLANG_WARN_INFINITE_RECURSION = YES;
				CLANG_WARN_INT_CONVERSION = YES;
				CLANG_WARN_NON_LITERAL_NULL_CONVERSION = YES;
				CLANG_WARN_OBJC_IMPLICIT_RETAIN_SELF = YES;
				CLANG_WARN_OBJC_LITERAL_CONVERSION = YES;
				CLANG_WARN_OBJC_ROOT_CLASS = YES_ERROR;
				CLANG_WARN_QUOTED_INCLUDE_IN_FRAMEWORK_HEADER = YES;
				CLANG_WARN_RANGE_LOOP_ANALYSIS = YES;
				CLANG_WARN_STRICT_PROTOTYPES = YES;
				CLANG_WARN_SUSPICIOUS_MOVE = YES;
				CLANG_WARN_UNGUARDED_AVAILABILITY = YES_AGGRESSIVE;
				CLANG_WARN_UNREACHABLE_CODE = YES;
				CLANG_WARN__DUPLICATE_METHOD_MATCH = YES;
				COPY_PHASE_STRIP = NO;
				DEBUG_INFORMATION_FORMAT = dwarf;
				ENABLE_STRICT_OBJC_MSGSEND = YES;
				ENABLE_TESTABILITY = YES;
				GCC_C_LANGUAGE_STANDARD = gnu11;
				GCC_DYNAMIC_NO_PIC = NO;
				GCC_NO_COMMON_BLOCKS = YES;
				GCC_OPTIMIZATION_LEVEL = 0;
				GCC_PREPROCESSOR_DEFINITIONS = (
					"DEBUG=1",
					"$(inherited)",
				);
				GCC_WARN_64_TO_32_BIT_CONVERSION = YES;
				GCC_WARN_ABOUT_RETURN_TYPE = YES_ERROR;
				GCC_WARN_UNDECLARED_SELECTOR = YES;
				GCC_WARN_UNINITIALIZED_AUTOS = YES_AGGRESSIVE;
				GCC_WARN_UNUSED_FUNCTION = YES;
				GCC_WARN_UNUSED_VARIABLE = YES;
				IPHONEOS_DEPLOYMENT_TARGET = 16.4;
				MTL_ENABLE_DEBUG_INFO = INCLUDE_SOURCE;
				MTL_FAST_MATH = YES;
				ONLY_ACTIVE_ARCH = YES;
				SDKROOT = iphoneos;
				SWIFT_ACTIVE_COMPILATION_CONDITIONS = DEBUG;
				SWIFT_OPTIMIZATION_LEVEL = "-Onone";
			};
			name = Debug;
		};
		16589CE52A3D2E2700F2B660 /* Release */ = {
			isa = XCBuildConfiguration;
			buildSettings = {
				ALWAYS_SEARCH_USER_PATHS = NO;
				CLANG_ANALYZER_NONNULL = YES;
				CLANG_ANALYZER_NUMBER_OBJECT_CONVERSION = YES_AGGRESSIVE;
				CLANG_CXX_LANGUAGE_STANDARD = "gnu++20";
				CLANG_ENABLE_MODULES = YES;
				CLANG_ENABLE_OBJC_ARC = YES;
				CLANG_ENABLE_OBJC_WEAK = YES;
				CLANG_WARN_BLOCK_CAPTURE_AUTORELEASING = YES;
				CLANG_WARN_BOOL_CONVERSION = YES;
				CLANG_WARN_COMMA = YES;
				CLANG_WARN_CONSTANT_CONVERSION = YES;
				CLANG_WARN_DEPRECATED_OBJC_IMPLEMENTATIONS = YES;
				CLANG_WARN_DIRECT_OBJC_ISA_USAGE = YES_ERROR;
				CLANG_WARN_DOCUMENTATION_COMMENTS = YES;
				CLANG_WARN_EMPTY_BODY = YES;
				CLANG_WARN_ENUM_CONVERSION = YES;
				CLANG_WARN_INFINITE_RECURSION = YES;
				CLANG_WARN_INT_CONVERSION = YES;
				CLANG_WARN_NON_LITERAL_NULL_CONVERSION = YES;
				CLANG_WARN_OBJC_IMPLICIT_RETAIN_SELF = YES;
				CLANG_WARN_OBJC_LITERAL_CONVERSION = YES;
				CLANG_WARN_OBJC_ROOT_CLASS = YES_ERROR;
				CLANG_WARN_QUOTED_INCLUDE_IN_FRAMEWORK_HEADER = YES;
				CLANG_WARN_RANGE_LOOP_ANALYSIS = YES;
				CLANG_WARN_STRICT_PROTOTYPES = YES;
				CLANG_WARN_SUSPICIOUS_MOVE = YES;
				CLANG_WARN_UNGUARDED_AVAILABILITY = YES_AGGRESSIVE;
				CLANG_WARN_UNREACHABLE_CODE = YES;
				CLANG_WARN__DUPLICATE_METHOD_MATCH = YES;
				COPY_PHASE_STRIP = NO;
				DEBUG_INFORMATION_FORMAT = "dwarf-with-dsym";
				ENABLE_NS_ASSERTIONS = NO;
				ENABLE_STRICT_OBJC_MSGSEND = YES;
				GCC_C_LANGUAGE_STANDARD = gnu11;
				GCC_NO_COMMON_BLOCKS = YES;
				GCC_WARN_64_TO_32_BIT_CONVERSION = YES;
				GCC_WARN_ABOUT_RETURN_TYPE = YES_ERROR;
				GCC_WARN_UNDECLARED_SELECTOR = YES;
				GCC_WARN_UNINITIALIZED_AUTOS = YES_AGGRESSIVE;
				GCC_WARN_UNUSED_FUNCTION = YES;
				GCC_WARN_UNUSED_VARIABLE = YES;
				IPHONEOS_DEPLOYMENT_TARGET = 16.4;
				MTL_ENABLE_DEBUG_INFO = NO;
				MTL_FAST_MATH = YES;
				SDKROOT = iphoneos;
				SWIFT_COMPILATION_MODE = wholemodule;
				SWIFT_OPTIMIZATION_LEVEL = "-O";
				VALIDATE_PRODUCT = YES;
			};
			name = Release;
		};
		16589CE72A3D2E2700F2B660 /* Debug */ = {
			isa = XCBuildConfiguration;
			buildSettings = {
				ASSETCATALOG_COMPILER_APPICON_NAME = AppIcon;
				ASSETCATALOG_COMPILER_GLOBAL_ACCENT_COLOR_NAME = AccentColor;
				CODE_SIGN_STYLE = Automatic;
				CURRENT_PROJECT_VERSION = 1;
				DEVELOPMENT_TEAM = WZZLRHKJYB;
				GENERATE_INFOPLIST_FILE = YES;
				INFOPLIST_FILE = "CodePath Pre Work/Info.plist";
				INFOPLIST_KEY_UIApplicationSupportsIndirectInputEvents = YES;
				INFOPLIST_KEY_UILaunchStoryboardName = LaunchScreen;
				INFOPLIST_KEY_UIMainStoryboardFile = Main;
				INFOPLIST_KEY_UISupportedInterfaceOrientations_iPad = "UIInterfaceOrientationPortrait UIInterfaceOrientationPortraitUpsideDown UIInterfaceOrientationLandscapeLeft UIInterfaceOrientationLandscapeRight";
				INFOPLIST_KEY_UISupportedInterfaceOrientations_iPhone = "UIInterfaceOrientationPortrait UIInterfaceOrientationLandscapeLeft UIInterfaceOrientationLandscapeRight";
				LD_RUNPATH_SEARCH_PATHS = (
					"$(inherited)",
					"@executable_path/Frameworks",
				);
				MARKETING_VERSION = 1.0;
				PRODUCT_BUNDLE_IDENTIFIER = "com.MeelodWaheed.CodePath-Pre-Work";
				PRODUCT_NAME = "$(TARGET_NAME)";
				SWIFT_EMIT_LOC_STRINGS = YES;
				SWIFT_VERSION = 5.0;
				TARGETED_DEVICE_FAMILY = "1,2";
			};
			name = Debug;
		};
		16589CE82A3D2E2700F2B660 /* Release */ = {
			isa = XCBuildConfiguration;
			buildSettings = {
				ASSETCATALOG_COMPILER_APPICON_NAME = AppIcon;
				ASSETCATALOG_COMPILER_GLOBAL_ACCENT_COLOR_NAME = AccentColor;
				CODE_SIGN_STYLE = Automatic;
				CURRENT_PROJECT_VERSION = 1;
				DEVELOPMENT_TEAM = WZZLRHKJYB;
				GENERATE_INFOPLIST_FILE = YES;
				INFOPLIST_FILE = "CodePath Pre Work/Info.plist";
				INFOPLIST_KEY_UIApplicationSupportsIndirectInputEvents = YES;
				INFOPLIST_KEY_UILaunchStoryboardName = LaunchScreen;
				INFOPLIST_KEY_UIMainStoryboardFile = Main;
				INFOPLIST_KEY_UISupportedInterfaceOrientations_iPad = "UIInterfaceOrientationPortrait UIInterfaceOrientationPortraitUpsideDown UIInterfaceOrientationLandscapeLeft UIInterfaceOrientationLandscapeRight";
				INFOPLIST_KEY_UISupportedInterfaceOrientations_iPhone = "UIInterfaceOrientationPortrait UIInterfaceOrientationLandscapeLeft UIInterfaceOrientationLandscapeRight";
				LD_RUNPATH_SEARCH_PATHS = (
					"$(inherited)",
					"@executable_path/Frameworks",
				);
				MARKETING_VERSION = 1.0;
				PRODUCT_BUNDLE_IDENTIFIER = "com.MeelodWaheed.CodePath-Pre-Work";
				PRODUCT_NAME = "$(TARGET_NAME)";
				SWIFT_EMIT_LOC_STRINGS = YES;
				SWIFT_VERSION = 5.0;
				TARGETED_DEVICE_FAMILY = "1,2";
			};
			name = Release;
		};
		16589CEA2A3D2E2700F2B660 /* Debug */ = {
			isa = XCBuildConfiguration;
			buildSettings = {
				ALWAYS_EMBED_SWIFT_STANDARD_LIBRARIES = YES;
				BUNDLE_LOADER = "$(TEST_HOST)";
				CODE_SIGN_STYLE = Automatic;
				CURRENT_PROJECT_VERSION = 1;
				DEVELOPMENT_TEAM = WZZLRHKJYB;
				GENERATE_INFOPLIST_FILE = YES;
				IPHONEOS_DEPLOYMENT_TARGET = 16.4;
				MARKETING_VERSION = 1.0;
				PRODUCT_BUNDLE_IDENTIFIER = "com.MeelodWaheed.CodePath-Pre-WorkTests";
				PRODUCT_NAME = "$(TARGET_NAME)";
				SWIFT_EMIT_LOC_STRINGS = NO;
				SWIFT_VERSION = 5.0;
				TARGETED_DEVICE_FAMILY = "1,2";
				TEST_HOST = "$(BUILT_PRODUCTS_DIR)/CodePath Pre Work.app/$(BUNDLE_EXECUTABLE_FOLDER_PATH)/CodePath Pre Work";
			};
			name = Debug;
		};
		16589CEB2A3D2E2700F2B660 /* Release */ = {
			isa = XCBuildConfiguration;
			buildSettings = {
				ALWAYS_EMBED_SWIFT_STANDARD_LIBRARIES = YES;
				BUNDLE_LOADER = "$(TEST_HOST)";
				CODE_SIGN_STYLE = Automatic;
				CURRENT_PROJECT_VERSION = 1;
				DEVELOPMENT_TEAM = WZZLRHKJYB;
				GENERATE_INFOPLIST_FILE = YES;
				IPHONEOS_DEPLOYMENT_TARGET = 16.4;
				MARKETING_VERSION = 1.0;
				PRODUCT_BUNDLE_IDENTIFIER = "com.MeelodWaheed.CodePath-Pre-WorkTests";
				PRODUCT_NAME = "$(TARGET_NAME)";
				SWIFT_EMIT_LOC_STRINGS = NO;
				SWIFT_VERSION = 5.0;
				TARGETED_DEVICE_FAMILY = "1,2";
				TEST_HOST = "$(BUILT_PRODUCTS_DIR)/CodePath Pre Work.app/$(BUNDLE_EXECUTABLE_FOLDER_PATH)/CodePath Pre Work";
			};
			name = Release;
		};
		16589CED2A3D2E2700F2B660 /* Debug */ = {
			isa = XCBuildConfiguration;
			buildSettings = {
				ALWAYS_EMBED_SWIFT_STANDARD_LIBRARIES = YES;
				CODE_SIGN_STYLE = Automatic;
				CURRENT_PROJECT_VERSION = 1;
				DEVELOPMENT_TEAM = WZZLRHKJYB;
				GENERATE_INFOPLIST_FILE = YES;
				MARKETING_VERSION = 1.0;
				PRODUCT_BUNDLE_IDENTIFIER = "com.MeelodWaheed.CodePath-Pre-WorkUITests";
				PRODUCT_NAME = "$(TARGET_NAME)";
				SWIFT_EMIT_LOC_STRINGS = NO;
				SWIFT_VERSION = 5.0;
				TARGETED_DEVICE_FAMILY = "1,2";
				TEST_TARGET_NAME = "CodePath Pre Work";
			};
			name = Debug;
		};
		16589CEE2A3D2E2700F2B660 /* Release */ = {
			isa = XCBuildConfiguration;
			buildSettings = {
				ALWAYS_EMBED_SWIFT_STANDARD_LIBRARIES = YES;
				CODE_SIGN_STYLE = Automatic;
				CURRENT_PROJECT_VERSION = 1;
				DEVELOPMENT_TEAM = WZZLRHKJYB;
				GENERATE_INFOPLIST_FILE = YES;
				MARKETING_VERSION = 1.0;
				PRODUCT_BUNDLE_IDENTIFIER = "com.MeelodWaheed.CodePath-Pre-WorkUITests";
				PRODUCT_NAME = "$(TARGET_NAME)";
				SWIFT_EMIT_LOC_STRINGS = NO;
				SWIFT_VERSION = 5.0;
				TARGETED_DEVICE_FAMILY = "1,2";
				TEST_TARGET_NAME = "CodePath Pre Work";
			};
			name = Release;
		};
/* End XCBuildConfiguration section */

/* Begin XCConfigurationList section */
		16589CB72A3D2E2600F2B660 /* Build configuration list for PBXProject "CodePath Pre Work" */ = {
			isa = XCConfigurationList;
			buildConfigurations = (
				16589CE42A3D2E2700F2B660 /* Debug */,
				16589CE52A3D2E2700F2B660 /* Release */,
			);
			defaultConfigurationIsVisible = 0;
			defaultConfigurationName = Release;
		};
		16589CE62A3D2E2700F2B660 /* Build configuration list for PBXNativeTarget "CodePath Pre Work" */ = {
			isa = XCConfigurationList;
			buildConfigurations = (
				16589CE72A3D2E2700F2B660 /* Debug */,
				16589CE82A3D2E2700F2B660 /* Release */,
			);
			defaultConfigurationIsVisible = 0;
			defaultConfigurationName = Release;
		};
		16589CE92A3D2E2700F2B660 /* Build configuration list for PBXNativeTarget "CodePath Pre WorkTests" */ = {
			isa = XCConfigurationList;
			buildConfigurations = (
				16589CEA2A3D2E2700F2B660 /* Debug */,
				16589CEB2A3D2E2700F2B660 /* Release */,
			);
			defaultConfigurationIsVisible = 0;
			defaultConfigurationName = Release;
		};
		16589CEC2A3D2E2700F2B660 /* Build configuration list for PBXNativeTarget "CodePath Pre WorkUITests" */ = {
			isa = XCConfigurationList;
			buildConfigurations = (
				16589CED2A3D2E2700F2B660 /* Debug */,
				16589CEE2A3D2E2700F2B660 /* Release */,
			);
			defaultConfigurationIsVisible = 0;
			defaultConfigurationName = Release;
		};
/* End XCConfigurationList section */
	};
	rootObject = 16589CB42A3D2E2600F2B660 /* Project object */;
}
